dependencies:
- name: prometheus
  repository: https://prometheus-community.github.io/helm-charts
  version: 15.1.1
- name: prometheus-blackbox-exporter
  repository: https://prometheus-community.github.io/helm-charts
  version: 5.3.1
- name: eck-operator
  repository: https://helm.elastic.co
  version: 2.0.0
- name: grafana
  repository: https://grafana.github.io/helm-charts
  version: 6.21.1
- name: logstash
  repository: https://helm.elastic.co
  version: 8.2.2
digest: sha256:67c34050333854ba6a027e2c89691033daf1cf61a7559290f2ad9723df10d55c
generated: "2022-05-10T16:31:05.305762291+02:00"
