dependencies:
- name: kube-state-metrics
  repository: https://prometheus-community.github.io/helm-charts
  version: 5.7.0
- name: eck-operator
  repository: https://helm.elastic.co
  version: 2.11.1
- name: logstash
  repository: https://helm.elastic.co
  version: 7.17.3
digest: sha256:b01fce46c03e499d4f4481f48cf4caf449bb81f4e49bbd93db119c9be39d6ee8
generated: "2024-04-02T10:02:07.666464614+02:00"
