dependencies:
- name: kube-state-metrics
  repository: https://prometheus-community.github.io/helm-charts
  version: 5.7.0
- name: eck-operator
  repository: https://helm.elastic.co
  version: 2.8.0
- name: logstash
  repository: https://helm.elastic.co
  version: 7.17.3
digest: sha256:7cf2c376b42fdffe8d15ba7edbc71b57d79172a44057433b7836dcb2f0f8406d
generated: "2023-06-14T15:38:44.379982752+02:00"
