dependencies:
- name: prometheus
  repository: https://prometheus-community.github.io/helm-charts
  version: 15.1.1
- name: prometheus-blackbox-exporter
  repository: https://prometheus-community.github.io/helm-charts
  version: 5.3.1
- name: eck-operator
  repository: https://helm.elastic.co
  version: 2.4.0
- name: grafana
  repository: https://grafana.github.io/helm-charts
  version: 6.21.1
- name: logstash
  repository: https://helm.elastic.co
  version: 7.17.3
digest: sha256:39f22bd876a07b5e16701ce1db361ae32940da31636571ea1726fae82e69b1c6
generated: "2022-06-29T14:58:18.641832135+02:00"
